
Microsoft Visual Studio Solution File, Format Version 12.00
# Visual Studio 2012
Project("{FAE04EC0-301F-11D3-BF4B-00C04F79EFBC}") = "DNG_V2", "DNG_V2\DNG_V2.csproj", "{BE236782-851E-4BEF-B1BA-C866DBE4201C}"
EndProject
Global
	GlobalSection(SolutionConfigurationPlatforms) = preSolution
		Debug|Any CPU = Debug|Any CPU
		Release|Any CPU = Release|Any CPU
	EndGlobalSection
	GlobalSection(ProjectConfigurationPlatforms) = postSolution
		{BE236782-851E-4BEF-B1BA-C866DBE4201C}.Debug|Any CPU.ActiveCfg = Debug|Any CPU
		{BE236782-851E-4BEF-B1BA-C866DBE4201C}.Debug|Any CPU.Build.0 = Debug|Any CPU
		{BE236782-851E-4BEF-B1BA-C866DBE4201C}.Release|Any CPU.ActiveCfg = Release|Any CPU
		{BE236782-851E-4BEF-B1BA-C866DBE4201C}.Release|Any CPU.Build.0 = Release|Any CPU
	EndGlobalSection
	GlobalSection(SolutionProperties) = preSolution
		HideSolutionNode = FALSE
	EndGlobalSection
EndGlobal
